<?xml version="1.0" encoding="utf-8"?>
<Project ToolsVersion="4.0" xmlns="http://schemas.microsoft.com/developer/msbuild/2003">
  <ItemGroup>
    <Filter Include="Header Files">
      <UniqueIdentifier>{93995380-89BD-4b04-88EB-625FBE52EBFB}</UniqueIdentifier>
      <Extensions>h;hh;hpp;hxx;hm;inl;inc;xsd</Extensions>
    </Filter>
    <Filter Include="Resource Files">
      <UniqueIdentifier>{67DA6AB6-F800-4c08-8B7A-83BB121AAD01}</UniqueIdentifier>
      <Extensions>rc;ico;cur;bmp;dlg;rc2;rct;bin;rgs;gif;jpg;jpeg;jpe;resx;tiff;tif;png;wav;mfcribbon-ms</Extensions>
    </Filter>
    <Filter Include="Source Files">
      <UniqueIdentifier>{4FC737F1-C7A5-4376-A066-2A32D752A2FF}</UniqueIdentifier>
      <Extensions>cpp;c;cc;cxx;def;odl;idl;hpj;bat;asm;asmx</Extensions>
    </Filter>
    <Filter Include="Mesh">
      <UniqueIdentifier>{75f40a45-7bdc-4e83-bf72-91bf8326d511}</UniqueIdentifier>
    </Filter>
    <Filter Include="Textures">
      <UniqueIdentifier>{c6bc83f2-8c17-4b09-906d-b339cceb094a}</UniqueIdentifier>
    </Filter>
    <Filter Include="Shaders">
      <UniqueIdentifier>{25c2062c-f564-41b9-9ce7-4edb8447d6ee}</UniqueIdentifier>
    </Filter>
  </ItemGroup>
  <ItemGroup>
    <ClCompile Include="utils.cpp">
      <Filter>Source Files</Filter>
    </ClCompile>
    <ClCompile Include="objLoader.cpp">
      <Filter>Source Files</Filter>
    </ClCompile>
    <ClCompile Include="Main.cpp">
      <Filter>Source Files</Filter>
    </ClCompile>
    <ClCompile Include="RenderObject.cpp">
      <Filter>Source Files</Filter>
    </ClCompile>
  </ItemGroup>
  <ItemGroup>
    <ClInclude Include="Utils.h">
      <Filter>Header Files</Filter>
    </ClInclude>
    <ClInclude Include="objLoader.h">
      <Filter>Header Files</Filter>
    </ClInclude>
    <ClInclude Include="RenderTextureFBO.h">
      <Filter>Header Files</Filter>
    </ClInclude>
    <ClInclude Include="RenderObject.h">
      <Filter>Header Files</Filter>
    </ClInclude>
  </ItemGroup>
  <ItemGroup>
    <None Include="freeglut.dll" />
    <None Include="glew32.dll" />
    <None Include="Shaders\alphaMultiply.frag.glsl">
      <Filter>Shaders</Filter>
    </None>
    <None Include="Shaders\blur.frag.glsl">
      <Filter>Shaders</Filter>
    </None>
    <None Include="Shaders\carver.fragment.glsl">
      <Filter>Shaders</Filter>
    </None>
    <None Include="Shaders\carver.vertex.glsl">
      <Filter>Shaders</Filter>
    </None>
    <None Include="Shaders\composition.frag.glsl">
      <Filter>Shaders</Filter>
    </None>
    <None Include="Shaders\EarthShader.fragment.glsl">
      <Filter>Shaders</Filter>
    </None>
    <None Include="Shaders\EarthShader.TCS.glsl">
      <Filter>Shaders</Filter>
    </None>
    <None Include="Shaders\EarthShader.TES.glsl">
      <Filter>Shaders</Filter>
    </None>
    <None Include="Shaders\EarthShader.vertex.glsl">
      <Filter>Shaders</Filter>
    </None>
    <None Include="Shaders\passthrough.frag.glsl">
      <Filter>Shaders</Filter>
    </None>
    <None Include="Shaders\passthrough.vert.glsl">
      <Filter>Shaders</Filter>
    </None>
  </ItemGroup>
  <ItemGroup>
    <Image Include="Textures\carver.dds">
      <Filter>Textures</Filter>
    </Image>
    <Image Include="Textures\carver-spec.dds">
      <Filter>Textures</Filter>
    </Image>
    <Image Include="Textures\Displacement.dds">
      <Filter>Textures</Filter>
    </Image>
    <Image Include="Textures\earth-medium.dds">
      <Filter>Textures</Filter>
    </Image>
    <Image Include="Textures\night.dds">
      <Filter>Textures</Filter>
    </Image>
    <Image Include="Textures\spec.dds">
      <Filter>Textures</Filter>
    </Image>
  </ItemGroup>
  <ItemGroup>
    <Text Include="Mesh\carver.obj">
      <Filter>Mesh</Filter>
    </Text>
    <Text Include="Mesh\earth.obj">
      <Filter>Mesh</Filter>
    </Text>
    <Text Include="Mesh\solar.obj">
      <Filter>Mesh</Filter>
    </Text>
  </ItemGroup>
</Project>